
Microsoft Visual Studio Solution File, Format Version 12.00
# Visual Studio Version 17
VisualStudioVersion = 17.0.31903.59
MinimumVisualStudioVersion = 10.0.40219.1
Project("{FAE04EC0-301F-11D3-BF4B-00C04F79EFBC}") = "ConsoleMode", "ConsoleMode\ConsoleMode.csproj", "{A16F816E-64E2-4AAB-B99A-1317AA8A96A7}"
EndProject
Project("{FAE04EC0-301F-11D3-BF4B-00C04F79EFBC}") = "PSArgumentCompletions", "PSArgumentCompletions\PSArgumentCompletions.csproj", "{F2CD1508-0BF4-479E-A765-2479A353C7FC}"
EndProject
Project("{FAE04EC0-301F-11D3-BF4B-00C04F79EFBC}") = "KeyboardInput", "KeyboardInput\KeyboardInput.csproj", "{6BB852D6-21B3-46CF-A1D3-8EDEA95C5FF6}"
EndProject
Project("{FAE04EC0-301F-11D3-BF4B-00C04F79EFBC}") = "FormatLength", "FormatLength\FormatLength.csproj", "{EB3BE9FD-B3E0-4C9D-B883-EBC6C2BEAA20}"
EndProject
Project("{FAE04EC0-301F-11D3-BF4B-00C04F79EFBC}") = "FontResourceLibrary", "FontResourceLibrary\FontResourceLibrary.csproj", "{CAAE549B-44A4-4A30-8AB0-2A9B3C81315A}"
EndProject
Global
	GlobalSection(SolutionConfigurationPlatforms) = preSolution
		Debug|Any CPU = Debug|Any CPU
		Release|Any CPU = Release|Any CPU
	EndGlobalSection
	GlobalSection(SolutionProperties) = preSolution
		HideSolutionNode = FALSE
	EndGlobalSection
	GlobalSection(ProjectConfigurationPlatforms) = postSolution
		{A16F816E-64E2-4AAB-B99A-1317AA8A96A7}.Debug|Any CPU.ActiveCfg = Debug|Any CPU
		{A16F816E-64E2-4AAB-B99A-1317AA8A96A7}.Debug|Any CPU.Build.0 = Debug|Any CPU
		{A16F816E-64E2-4AAB-B99A-1317AA8A96A7}.Release|Any CPU.ActiveCfg = Release|Any CPU
		{A16F816E-64E2-4AAB-B99A-1317AA8A96A7}.Release|Any CPU.Build.0 = Release|Any CPU
		{F2CD1508-0BF4-479E-A765-2479A353C7FC}.Debug|Any CPU.ActiveCfg = Debug|Any CPU
		{F2CD1508-0BF4-479E-A765-2479A353C7FC}.Debug|Any CPU.Build.0 = Debug|Any CPU
		{F2CD1508-0BF4-479E-A765-2479A353C7FC}.Release|Any CPU.ActiveCfg = Release|Any CPU
		{F2CD1508-0BF4-479E-A765-2479A353C7FC}.Release|Any CPU.Build.0 = Release|Any CPU
		{6BB852D6-21B3-46CF-A1D3-8EDEA95C5FF6}.Debug|Any CPU.ActiveCfg = Debug|Any CPU
		{6BB852D6-21B3-46CF-A1D3-8EDEA95C5FF6}.Debug|Any CPU.Build.0 = Debug|Any CPU
		{6BB852D6-21B3-46CF-A1D3-8EDEA95C5FF6}.Release|Any CPU.ActiveCfg = Release|Any CPU
		{6BB852D6-21B3-46CF-A1D3-8EDEA95C5FF6}.Release|Any CPU.Build.0 = Release|Any CPU
		{EB3BE9FD-B3E0-4C9D-B883-EBC6C2BEAA20}.Debug|Any CPU.ActiveCfg = Debug|Any CPU
		{EB3BE9FD-B3E0-4C9D-B883-EBC6C2BEAA20}.Debug|Any CPU.Build.0 = Debug|Any CPU
		{EB3BE9FD-B3E0-4C9D-B883-EBC6C2BEAA20}.Release|Any CPU.ActiveCfg = Release|Any CPU
		{EB3BE9FD-B3E0-4C9D-B883-EBC6C2BEAA20}.Release|Any CPU.Build.0 = Release|Any CPU
		{CAAE549B-44A4-4A30-8AB0-2A9B3C81315A}.Debug|Any CPU.ActiveCfg = Debug|Any CPU
		{CAAE549B-44A4-4A30-8AB0-2A9B3C81315A}.Debug|Any CPU.Build.0 = Debug|Any CPU
		{CAAE549B-44A4-4A30-8AB0-2A9B3C81315A}.Release|Any CPU.ActiveCfg = Release|Any CPU
		{CAAE549B-44A4-4A30-8AB0-2A9B3C81315A}.Release|Any CPU.Build.0 = Release|Any CPU
	EndGlobalSection
EndGlobal
